
Microsoft Visual Studio Solution File, Format Version 12.00
# Visual Studio Version 17
VisualStudioVersion = 17.10.35122.118
MinimumVisualStudioVersion = 10.0.40219.1
Project("{FAE04EC0-301F-11D3-BF4B-00C04F79EFBC}") = "CustomControlApp", "CustomControlApp\CustomControlApp.csproj", "{5D097CFD-A564-43B3-9026-0671A73AE92A}"
EndProject
Project("{FAE04EC0-301F-11D3-BF4B-00C04F79EFBC}") = "CustomControlLib", "CustomControlLib\CustomControlLib.csproj", "{DD77A250-09B9-4F70-9766-0973514652F9}"
EndProject
Global
	GlobalSection(SolutionConfigurationPlatforms) = preSolution
		Debug|Any CPU = Debug|Any CPU
		Release|Any CPU = Release|Any CPU
	EndGlobalSection
	GlobalSection(ProjectConfigurationPlatforms) = postSolution
		{5D097CFD-A564-43B3-9026-0671A73AE92A}.Debug|Any CPU.ActiveCfg = Debug|Any CPU
		{5D097CFD-A564-43B3-9026-0671A73AE92A}.Debug|Any CPU.Build.0 = Debug|Any CPU
		{5D097CFD-A564-43B3-9026-0671A73AE92A}.Release|Any CPU.ActiveCfg = Release|Any CPU
		{5D097CFD-A564-43B3-9026-0671A73AE92A}.Release|Any CPU.Build.0 = Release|Any CPU
		{DD77A250-09B9-4F70-9766-0973514652F9}.Debug|Any CPU.ActiveCfg = Debug|Any CPU
		{DD77A250-09B9-4F70-9766-0973514652F9}.Debug|Any CPU.Build.0 = Debug|Any CPU
		{DD77A250-09B9-4F70-9766-0973514652F9}.Release|Any CPU.ActiveCfg = Release|Any CPU
		{DD77A250-09B9-4F70-9766-0973514652F9}.Release|Any CPU.Build.0 = Release|Any CPU
	EndGlobalSection
	GlobalSection(SolutionProperties) = preSolution
		HideSolutionNode = FALSE
	EndGlobalSection
	GlobalSection(ExtensibilityGlobals) = postSolution
		SolutionGuid = {DB9AB358-1C28-493A-BBA5-E8B41D652984}
	EndGlobalSection
EndGlobal
